// !$*UTF8*$!
{
	archiveVersion = 1;
	classes = {
	};
	objectVersion = 56;
	objects = {

/* Begin PBXBuildFile section */
		ED08DB052C46097B004B0AE7 /* StacksPractice.swift in Sources */ = {isa = PBXBuildFile; fileRef = ED08DB042C46097B004B0AE7 /* StacksPractice.swift */; };
		ED30FA552C4DEE8900C71F88 /* StatePractice.swift in Sources */ = {isa = PBXBuildFile; fileRef = ED30FA542C4DEE8900C71F88 /* StatePractice.swift */; };
		EDBF0B812C43D831009FCEEE /* SwiftuiPracticeApp.swift in Sources */ = {isa = PBXBuildFile; fileRef = EDBF0B802C43D831009FCEEE /* SwiftuiPracticeApp.swift */; };
		EDBF0B832C43D831009FCEEE /* ContentView.swift in Sources */ = {isa = PBXBuildFile; fileRef = EDBF0B822C43D831009FCEEE /* ContentView.swift */; };
		EDBF0B852C43D833009FCEEE /* Assets.xcassets in Resources */ = {isa = PBXBuildFile; fileRef = EDBF0B842C43D833009FCEEE /* Assets.xcassets */; };
		EDBF0B892C43D833009FCEEE /* Preview Assets.xcassets in Resources */ = {isa = PBXBuildFile; fileRef = EDBF0B882C43D833009FCEEE /* Preview Assets.xcassets */; };
		EDBF0B902C43D91D009FCEEE /* TextPractice.swift in Sources */ = {isa = PBXBuildFile; fileRef = EDBF0B8F2C43D91D009FCEEE /* TextPractice.swift */; };
		EDBF0B922C43DED9009FCEEE /* ShapesPractice.swift in Sources */ = {isa = PBXBuildFile; fileRef = EDBF0B912C43DED9009FCEEE /* ShapesPractice.swift */; };
		EDBF0B942C43E584009FCEEE /* ColorsPractice.swift in Sources */ = {isa = PBXBuildFile; fileRef = EDBF0B932C43E584009FCEEE /* ColorsPractice.swift */; };
		EDBF0B962C4419EF009FCEEE /* GradientPractice.swift in Sources */ = {isa = PBXBuildFile; fileRef = EDBF0B952C4419EF009FCEEE /* GradientPractice.swift */; };
		EDC9ACB12C4A5FB3002E4A81 /* GridPractice.swift in Sources */ = {isa = PBXBuildFile; fileRef = EDC9ACB02C4A5FB3002E4A81 /* GridPractice.swift */; };
		EDE286842C4533570055FF88 /* IconsPractice.swift in Sources */ = {isa = PBXBuildFile; fileRef = EDE286832C4533570055FF88 /* IconsPractice.swift */; };
		EDE286862C45366C0055FF88 /* ImagePractice.swift in Sources */ = {isa = PBXBuildFile; fileRef = EDE286852C45366C0055FF88 /* ImagePractice.swift */; };
		EDE286882C4538B70055FF88 /* FramePractice.swift in Sources */ = {isa = PBXBuildFile; fileRef = EDE286872C4538B70055FF88 /* FramePractice.swift */; };
		EDE2868A2C456A2D0055FF88 /* BackgroundAndOverlayPractice.swift in Sources */ = {isa = PBXBuildFile; fileRef = EDE286892C456A2D0055FF88 /* BackgroundAndOverlayPractice.swift */; };
/* End PBXBuildFile section */

/* Begin PBXFileReference section */
		ED08DB042C46097B004B0AE7 /* StacksPractice.swift */ = {isa = PBXFileReference; lastKnownFileType = sourcecode.swift; path = StacksPractice.swift; sourceTree = "<group>"; };
		ED30FA542C4DEE8900C71F88 /* StatePractice.swift */ = {isa = PBXFileReference; lastKnownFileType = sourcecode.swift; path = StatePractice.swift; sourceTree = "<group>"; };
		EDBF0B7D2C43D831009FCEEE /* SwiftuiPractice.app */ = {isa = PBXFileReference; explicitFileType = wrapper.application; includeInIndex = 0; path = SwiftuiPractice.app; sourceTree = BUILT_PRODUCTS_DIR; };
		EDBF0B802C43D831009FCEEE /* SwiftuiPracticeApp.swift */ = {isa = PBXFileReference; lastKnownFileType = sourcecode.swift; path = SwiftuiPracticeApp.swift; sourceTree = "<group>"; };
		EDBF0B822C43D831009FCEEE /* ContentView.swift */ = {isa = PBXFileReference; lastKnownFileType = sourcecode.swift; path = ContentView.swift; sourceTree = "<group>"; };
		EDBF0B842C43D833009FCEEE /* Assets.xcassets */ = {isa = PBXFileReference; lastKnownFileType = folder.assetcatalog; path = Assets.xcassets; sourceTree = "<group>"; };
		EDBF0B862C43D833009FCEEE /* SwiftuiPractice.entitlements */ = {isa = PBXFileReference; lastKnownFileType = text.plist.entitlements; path = SwiftuiPractice.entitlements; sourceTree = "<group>"; };
		EDBF0B882C43D833009FCEEE /* Preview Assets.xcassets */ = {isa = PBXFileReference; lastKnownFileType = folder.assetcatalog; path = "Preview Assets.xcassets"; sourceTree = "<group>"; };
		EDBF0B8F2C43D91D009FCEEE /* TextPractice.swift */ = {isa = PBXFileReference; lastKnownFileType = sourcecode.swift; path = TextPractice.swift; sourceTree = "<group>"; };
		EDBF0B912C43DED9009FCEEE /* ShapesPractice.swift */ = {isa = PBXFileReference; lastKnownFileType = sourcecode.swift; path = ShapesPractice.swift; sourceTree = "<group>"; };
		EDBF0B932C43E584009FCEEE /* ColorsPractice.swift */ = {isa = PBXFileReference; lastKnownFileType = sourcecode.swift; path = ColorsPractice.swift; sourceTree = "<group>"; };
		EDBF0B952C4419EF009FCEEE /* GradientPractice.swift */ = {isa = PBXFileReference; lastKnownFileType = sourcecode.swift; path = GradientPractice.swift; sourceTree = "<group>"; };
		EDC9ACB02C4A5FB3002E4A81 /* GridPractice.swift */ = {isa = PBXFileReference; lastKnownFileType = sourcecode.swift; path = GridPractice.swift; sourceTree = "<group>"; };
		EDE286832C4533570055FF88 /* IconsPractice.swift */ = {isa = PBXFileReference; lastKnownFileType = sourcecode.swift; path = IconsPractice.swift; sourceTree = "<group>"; };
		EDE286852C45366C0055FF88 /* ImagePractice.swift */ = {isa = PBXFileReference; lastKnownFileType = sourcecode.swift; path = ImagePractice.swift; sourceTree = "<group>"; };
		EDE286872C4538B70055FF88 /* FramePractice.swift */ = {isa = PBXFileReference; lastKnownFileType = sourcecode.swift; path = FramePractice.swift; sourceTree = "<group>"; };
		EDE286892C456A2D0055FF88 /* BackgroundAndOverlayPractice.swift */ = {isa = PBXFileReference; lastKnownFileType = sourcecode.swift; path = BackgroundAndOverlayPractice.swift; sourceTree = "<group>"; };
/* End PBXFileReference section */

/* Begin PBXFrameworksBuildPhase section */
		EDBF0B7A2C43D831009FCEEE /* Frameworks */ = {
			isa = PBXFrameworksBuildPhase;
			buildActionMask = 2147483647;
			files = (
			);
			runOnlyForDeploymentPostprocessing = 0;
		};
/* End PBXFrameworksBuildPhase section */

/* Begin PBXGroup section */
		EDBF0B742C43D831009FCEEE = {
			isa = PBXGroup;
			children = (
				EDBF0B7F2C43D831009FCEEE /* SwiftuiPractice */,
				EDBF0B7E2C43D831009FCEEE /* Products */,
			);
			sourceTree = "<group>";
		};
		EDBF0B7E2C43D831009FCEEE /* Products */ = {
			isa = PBXGroup;
			children = (
				EDBF0B7D2C43D831009FCEEE /* SwiftuiPractice.app */,
			);
			name = Products;
			sourceTree = "<group>";
		};
		EDBF0B7F2C43D831009FCEEE /* SwiftuiPractice */ = {
			isa = PBXGroup;
			children = (
				EDBF0B802C43D831009FCEEE /* SwiftuiPracticeApp.swift */,
				EDBF0B822C43D831009FCEEE /* ContentView.swift */,
				EDBF0B8F2C43D91D009FCEEE /* TextPractice.swift */,
				EDBF0B912C43DED9009FCEEE /* ShapesPractice.swift */,
				EDBF0B932C43E584009FCEEE /* ColorsPractice.swift */,
				EDBF0B952C4419EF009FCEEE /* GradientPractice.swift */,
				EDE286832C4533570055FF88 /* IconsPractice.swift */,
				EDE286852C45366C0055FF88 /* ImagePractice.swift */,
				EDE286872C4538B70055FF88 /* FramePractice.swift */,
				EDE286892C456A2D0055FF88 /* BackgroundAndOverlayPractice.swift */,
				ED08DB042C46097B004B0AE7 /* StacksPractice.swift */,
				EDC9ACB02C4A5FB3002E4A81 /* GridPractice.swift */,
				ED30FA542C4DEE8900C71F88 /* StatePractice.swift */,
				EDBF0B842C43D833009FCEEE /* Assets.xcassets */,
				EDBF0B862C43D833009FCEEE /* SwiftuiPractice.entitlements */,
				EDBF0B872C43D833009FCEEE /* Preview Content */,
			);
			path = SwiftuiPractice;
			sourceTree = "<group>";
		};
		EDBF0B872C43D833009FCEEE /* Preview Content */ = {
			isa = PBXGroup;
			children = (
				EDBF0B882C43D833009FCEEE /* Preview Assets.xcassets */,
			);
			path = "Preview Content";
			sourceTree = "<group>";
		};
/* End PBXGroup section */

/* Begin PBXNativeTarget section */
		EDBF0B7C2C43D831009FCEEE /* SwiftuiPractice */ = {
			isa = PBXNativeTarget;
			buildConfigurationList = EDBF0B8C2C43D833009FCEEE /* Build configuration list for PBXNativeTarget "SwiftuiPractice" */;
			buildPhases = (
				EDBF0B792C43D831009FCEEE /* Sources */,
				EDBF0B7A2C43D831009FCEEE /* Frameworks */,
				EDBF0B7B2C43D831009FCEEE /* Resources */,
			);
			buildRules = (
			);
			dependencies = (
			);
			name = SwiftuiPractice;
			productName = SwiftuiPractice;
			productReference = EDBF0B7D2C43D831009FCEEE /* SwiftuiPractice.app */;
			productType = "com.apple.product-type.application";
		};
/* End PBXNativeTarget section */

/* Begin PBXProject section */
		EDBF0B752C43D831009FCEEE /* Project object */ = {
			isa = PBXProject;
			attributes = {
				BuildIndependentTargetsInParallel = 1;
				LastSwiftUpdateCheck = 1540;
				LastUpgradeCheck = 1540;
				TargetAttributes = {
					EDBF0B7C2C43D831009FCEEE = {
						CreatedOnToolsVersion = 15.4;
					};
				};
			};
			buildConfigurationList = EDBF0B782C43D831009FCEEE /* Build configuration list for PBXProject "SwiftuiPractice" */;
			compatibilityVersion = "Xcode 14.0";
			developmentRegion = en;
			hasScannedForEncodings = 0;
			knownRegions = (
				en,
				Base,
			);
			mainGroup = EDBF0B742C43D831009FCEEE;
			productRefGroup = EDBF0B7E2C43D831009FCEEE /* Products */;
			projectDirPath = "";
			projectRoot = "";
			targets = (
				EDBF0B7C2C43D831009FCEEE /* SwiftuiPractice */,
			);
		};
/* End PBXProject section */

/* Begin PBXResourcesBuildPhase section */
		EDBF0B7B2C43D831009FCEEE /* Resources */ = {
			isa = PBXResourcesBuildPhase;
			buildActionMask = 2147483647;
			files = (
				EDBF0B892C43D833009FCEEE /* Preview Assets.xcassets in Resources */,
				EDBF0B852C43D833009FCEEE /* Assets.xcassets in Resources */,
			);
			runOnlyForDeploymentPostprocessing = 0;
		};
/* End PBXResourcesBuildPhase section */

/* Begin PBXSourcesBuildPhase section */
		EDBF0B792C43D831009FCEEE /* Sources */ = {
			isa = PBXSourcesBuildPhase;
			buildActionMask = 2147483647;
			files = (
				EDBF0B962C4419EF009FCEEE /* GradientPractice.swift in Sources */,
				EDE286882C4538B70055FF88 /* FramePractice.swift in Sources */,
				EDC9ACB12C4A5FB3002E4A81 /* GridPractice.swift in Sources */,
				ED30FA552C4DEE8900C71F88 /* StatePractice.swift in Sources */,
				EDBF0B902C43D91D009FCEEE /* TextPractice.swift in Sources */,
				EDBF0B832C43D831009FCEEE /* ContentView.swift in Sources */,
				EDE286842C4533570055FF88 /* IconsPractice.swift in Sources */,
				EDE2868A2C456A2D0055FF88 /* BackgroundAndOverlayPractice.swift in Sources */,
				EDE286862C45366C0055FF88 /* ImagePractice.swift in Sources */,
				EDBF0B922C43DED9009FCEEE /* ShapesPractice.swift in Sources */,
				EDBF0B942C43E584009FCEEE /* ColorsPractice.swift in Sources */,
				EDBF0B812C43D831009FCEEE /* SwiftuiPracticeApp.swift in Sources */,
				ED08DB052C46097B004B0AE7 /* StacksPractice.swift in Sources */,
			);
			runOnlyForDeploymentPostprocessing = 0;
		};
/* End PBXSourcesBuildPhase section */

/* Begin XCBuildConfiguration section */
		EDBF0B8A2C43D833009FCEEE /* Debug */ = {
			isa = XCBuildConfiguration;
			buildSettings = {
				ALWAYS_SEARCH_USER_PATHS = NO;
				ASSETCATALOG_COMPILER_GENERATE_SWIFT_ASSET_SYMBOL_EXTENSIONS = YES;
				CLANG_ANALYZER_NONNULL = YES;
				CLANG_ANALYZER_NUMBER_OBJECT_CONVERSION = YES_AGGRESSIVE;
				CLANG_CXX_LANGUAGE_STANDARD = "gnu++20";
				CLANG_ENABLE_MODULES = YES;
				CLANG_ENABLE_OBJC_ARC = YES;
				CLANG_ENABLE_OBJC_WEAK = YES;
				CLANG_WARN_BLOCK_CAPTURE_AUTORELEASING = YES;
				CLANG_WARN_BOOL_CONVERSION = YES;
				CLANG_WARN_COMMA = YES;
				CLANG_WARN_CONSTANT_CONVERSION = YES;
				CLANG_WARN_DEPRECATED_OBJC_IMPLEMENTATIONS = YES;
				CLANG_WARN_DIRECT_OBJC_ISA_USAGE = YES_ERROR;
				CLANG_WARN_DOCUMENTATION_COMMENTS = YES;
				CLANG_WARN_EMPTY_BODY = YES;
				CLANG_WARN_ENUM_CONVERSION = YES;
				CLANG_WARN_INFINITE_RECURSION = YES;
				CLANG_WARN_INT_CONVERSION = YES;
				CLANG_WARN_NON_LITERAL_NULL_CONVERSION = YES;
				CLANG_WARN_OBJC_IMPLICIT_RETAIN_SELF = YES;
				CLANG_WARN_OBJC_LITERAL_CONVERSION = YES;
				CLANG_WARN_OBJC_ROOT_CLASS = YES_ERROR;
				CLANG_WARN_QUOTED_INCLUDE_IN_FRAMEWORK_HEADER = YES;
				CLANG_WARN_RANGE_LOOP_ANALYSIS = YES;
				CLANG_WARN_STRICT_PROTOTYPES = YES;
				CLANG_WARN_SUSPICIOUS_MOVE = YES;
				CLANG_WARN_UNGUARDED_AVAILABILITY = YES_AGGRESSIVE;
				CLANG_WARN_UNREACHABLE_CODE = YES;
				CLANG_WARN__DUPLICATE_METHOD_MATCH = YES;
				COPY_PHASE_STRIP = NO;
				DEBUG_INFORMATION_FORMAT = dwarf;
				ENABLE_STRICT_OBJC_MSGSEND = YES;
				ENABLE_TESTABILITY = YES;
				ENABLE_USER_SCRIPT_SANDBOXING = YES;
				GCC_C_LANGUAGE_STANDARD = gnu17;
				GCC_DYNAMIC_NO_PIC = NO;
				GCC_NO_COMMON_BLOCKS = YES;
				GCC_OPTIMIZATION_LEVEL = 0;
				GCC_PREPROCESSOR_DEFINITIONS = (
					"DEBUG=1",
					"$(inherited)",
				);
				GCC_WARN_64_TO_32_BIT_CONVERSION = YES;
				GCC_WARN_ABOUT_RETURN_TYPE = YES_ERROR;
				GCC_WARN_UNDECLARED_SELECTOR = YES;
				GCC_WARN_UNINITIALIZED_AUTOS = YES_AGGRESSIVE;
				GCC_WARN_UNUSED_FUNCTION = YES;
				GCC_WARN_UNUSED_VARIABLE = YES;
				LOCALIZATION_PREFERS_STRING_CATALOGS = YES;
				MTL_ENABLE_DEBUG_INFO = INCLUDE_SOURCE;
				MTL_FAST_MATH = YES;
				ONLY_ACTIVE_ARCH = YES;
				SWIFT_ACTIVE_COMPILATION_CONDITIONS = "DEBUG $(inherited)";
				SWIFT_OPTIMIZATION_LEVEL = "-Onone";
			};
			name = Debug;
		};
		EDBF0B8B2C43D833009FCEEE /* Release */ = {
			isa = XCBuildConfiguration;
			buildSettings = {
				ALWAYS_SEARCH_USER_PATHS = NO;
				ASSETCATALOG_COMPILER_GENERATE_SWIFT_ASSET_SYMBOL_EXTENSIONS = YES;
				CLANG_ANALYZER_NONNULL = YES;
				CLANG_ANALYZER_NUMBER_OBJECT_CONVERSION = YES_AGGRESSIVE;
				CLANG_CXX_LANGUAGE_STANDARD = "gnu++20";
				CLANG_ENABLE_MODULES = YES;
				CLANG_ENABLE_OBJC_ARC = YES;
				CLANG_ENABLE_OBJC_WEAK = YES;
				CLANG_WARN_BLOCK_CAPTURE_AUTORELEASING = YES;
				CLANG_WARN_BOOL_CONVERSION = YES;
				CLANG_WARN_COMMA = YES;
				CLANG_WARN_CONSTANT_CONVERSION = YES;
				CLANG_WARN_DEPRECATED_OBJC_IMPLEMENTATIONS = YES;
				CLANG_WARN_DIRECT_OBJC_ISA_USAGE = YES_ERROR;
				CLANG_WARN_DOCUMENTATION_COMMENTS = YES;
				CLANG_WARN_EMPTY_BODY = YES;
				CLANG_WARN_ENUM_CONVERSION = YES;
				CLANG_WARN_INFINITE_RECURSION = YES;
				CLANG_WARN_INT_CONVERSION = YES;
				CLANG_WARN_NON_LITERAL_NULL_CONVERSION = YES;
				CLANG_WARN_OBJC_IMPLICIT_RETAIN_SELF = YES;
				CLANG_WARN_OBJC_LITERAL_CONVERSION = YES;
				CLANG_WARN_OBJC_ROOT_CLASS = YES_ERROR;
				CLANG_WARN_QUOTED_INCLUDE_IN_FRAMEWORK_HEADER = YES;
				CLANG_WARN_RANGE_LOOP_ANALYSIS = YES;
				CLANG_WARN_STRICT_PROTOTYPES = YES;
				CLANG_WARN_SUSPICIOUS_MOVE = YES;
				CLANG_WARN_UNGUARDED_AVAILABILITY = YES_AGGRESSIVE;
				CLANG_WARN_UNREACHABLE_CODE = YES;
				CLANG_WARN__DUPLICATE_METHOD_MATCH = YES;
				COPY_PHASE_STRIP = NO;
				DEBUG_INFORMATION_FORMAT = "dwarf-with-dsym";
				ENABLE_NS_ASSERTIONS = NO;
				ENABLE_STRICT_OBJC_MSGSEND = YES;
				ENABLE_USER_SCRIPT_SANDBOXING = YES;
				GCC_C_LANGUAGE_STANDARD = gnu17;
				GCC_NO_COMMON_BLOCKS = YES;
				GCC_WARN_64_TO_32_BIT_CONVERSION = YES;
				GCC_WARN_ABOUT_RETURN_TYPE = YES_ERROR;
				GCC_WARN_UNDECLARED_SELECTOR = YES;
				GCC_WARN_UNINITIALIZED_AUTOS = YES_AGGRESSIVE;
				GCC_WARN_UNUSED_FUNCTION = YES;
				GCC_WARN_UNUSED_VARIABLE = YES;
				LOCALIZATION_PREFERS_STRING_CATALOGS = YES;
				MTL_ENABLE_DEBUG_INFO = NO;
				MTL_FAST_MATH = YES;
				SWIFT_COMPILATION_MODE = wholemodule;
			};
			name = Release;
		};
		EDBF0B8D2C43D833009FCEEE /* Debug */ = {
			isa = XCBuildConfiguration;
			buildSettings = {
				ASSETCATALOG_COMPILER_APPICON_NAME = AppIcon;
				ASSETCATALOG_COMPILER_GLOBAL_ACCENT_COLOR_NAME = AccentColor;
				CODE_SIGN_ENTITLEMENTS = SwiftuiPractice/SwiftuiPractice.entitlements;
				CODE_SIGN_STYLE = Automatic;
				CURRENT_PROJECT_VERSION = 1;
				DEVELOPMENT_ASSET_PATHS = "\"SwiftuiPractice/Preview Content\"";
				ENABLE_PREVIEWS = YES;
				GENERATE_INFOPLIST_FILE = YES;
				"INFOPLIST_KEY_UIApplicationSceneManifest_Generation[sdk=iphoneos*]" = YES;
				"INFOPLIST_KEY_UIApplicationSceneManifest_Generation[sdk=iphonesimulator*]" = YES;
				"INFOPLIST_KEY_UIApplicationSupportsIndirectInputEvents[sdk=iphoneos*]" = YES;
				"INFOPLIST_KEY_UIApplicationSupportsIndirectInputEvents[sdk=iphonesimulator*]" = YES;
				"INFOPLIST_KEY_UILaunchScreen_Generation[sdk=iphoneos*]" = YES;
				"INFOPLIST_KEY_UILaunchScreen_Generation[sdk=iphonesimulator*]" = YES;
				"INFOPLIST_KEY_UIStatusBarStyle[sdk=iphoneos*]" = UIStatusBarStyleDefault;
				"INFOPLIST_KEY_UIStatusBarStyle[sdk=iphonesimulator*]" = UIStatusBarStyleDefault;
				INFOPLIST_KEY_UISupportedInterfaceOrientations_iPad = "UIInterfaceOrientationPortrait UIInterfaceOrientationPortraitUpsideDown UIInterfaceOrientationLandscapeLeft UIInterfaceOrientationLandscapeRight";
				INFOPLIST_KEY_UISupportedInterfaceOrientations_iPhone = "UIInterfaceOrientationPortrait UIInterfaceOrientationLandscapeLeft UIInterfaceOrientationLandscapeRight";
				IPHONEOS_DEPLOYMENT_TARGET = 17.5;
				LD_RUNPATH_SEARCH_PATHS = "@executable_path/Frameworks";
				"LD_RUNPATH_SEARCH_PATHS[sdk=macosx*]" = "@executable_path/../Frameworks";
				MACOSX_DEPLOYMENT_TARGET = 14.5;
				MARKETING_VERSION = 1.0;
				PRODUCT_BUNDLE_IDENTIFIER = com.myorganization.SwiftuiPractice;
				PRODUCT_NAME = "$(TARGET_NAME)";
				SDKROOT = auto;
				SUPPORTED_PLATFORMS = "iphoneos iphonesimulator macosx";
				SWIFT_EMIT_LOC_STRINGS = YES;
				SWIFT_VERSION = 5.0;
				TARGETED_DEVICE_FAMILY = "1,2";
			};
			name = Debug;
		};
		EDBF0B8E2C43D833009FCEEE /* Release */ = {
			isa = XCBuildConfiguration;
			buildSettings = {
				ASSETCATALOG_COMPILER_APPICON_NAME = AppIcon;
				ASSETCATALOG_COMPILER_GLOBAL_ACCENT_COLOR_NAME = AccentColor;
				CODE_SIGN_ENTITLEMENTS = SwiftuiPractice/SwiftuiPractice.entitlements;
				CODE_SIGN_STYLE = Automatic;
				CURRENT_PROJECT_VERSION = 1;
				DEVELOPMENT_ASSET_PATHS = "\"SwiftuiPractice/Preview Content\"";
				ENABLE_PREVIEWS = YES;
				GENERATE_INFOPLIST_FILE = YES;
				"INFOPLIST_KEY_UIApplicationSceneManifest_Generation[sdk=iphoneos*]" = YES;
				"INFOPLIST_KEY_UIApplicationSceneManifest_Generation[sdk=iphonesimulator*]" = YES;
				"INFOPLIST_KEY_UIApplicationSupportsIndirectInputEvents[sdk=iphoneos*]" = YES;
				"INFOPLIST_KEY_UIApplicationSupportsIndirectInputEvents[sdk=iphonesimulator*]" = YES;
				"INFOPLIST_KEY_UILaunchScreen_Generation[sdk=iphoneos*]" = YES;
				"INFOPLIST_KEY_UILaunchScreen_Generation[sdk=iphonesimulator*]" = YES;
				"INFOPLIST_KEY_UIStatusBarStyle[sdk=iphoneos*]" = UIStatusBarStyleDefault;
				"INFOPLIST_KEY_UIStatusBarStyle[sdk=iphonesimulator*]" = UIStatusBarStyleDefault;
				INFOPLIST_KEY_UISupportedInterfaceOrientations_iPad = "UIInterfaceOrientationPortrait UIInterfaceOrientationPortraitUpsideDown UIInterfaceOrientationLandscapeLeft UIInterfaceOrientationLandscapeRight";
				INFOPLIST_KEY_UISupportedInterfaceOrientations_iPhone = "UIInterfaceOrientationPortrait UIInterfaceOrientationLandscapeLeft UIInterfaceOrientationLandscapeRight";
				IPHONEOS_DEPLOYMENT_TARGET = 17.5;
				LD_RUNPATH_SEARCH_PATHS = "@executable_path/Frameworks";
				"LD_RUNPATH_SEARCH_PATHS[sdk=macosx*]" = "@executable_path/../Frameworks";
				MACOSX_DEPLOYMENT_TARGET = 14.5;
				MARKETING_VERSION = 1.0;
				PRODUCT_BUNDLE_IDENTIFIER = com.myorganization.SwiftuiPractice;
				PRODUCT_NAME = "$(TARGET_NAME)";
				SDKROOT = auto;
				SUPPORTED_PLATFORMS = "iphoneos iphonesimulator macosx";
				SWIFT_EMIT_LOC_STRINGS = YES;
				SWIFT_VERSION = 5.0;
				TARGETED_DEVICE_FAMILY = "1,2";
			};
			name = Release;
		};
/* End XCBuildConfiguration section */

/* Begin XCConfigurationList section */
		EDBF0B782C43D831009FCEEE /* Build configuration list for PBXProject "SwiftuiPractice" */ = {
			isa = XCConfigurationList;
			buildConfigurations = (
				EDBF0B8A2C43D833009FCEEE /* Debug */,
				EDBF0B8B2C43D833009FCEEE /* Release */,
			);
			defaultConfigurationIsVisible = 0;
			defaultConfigurationName = Release;
		};
		EDBF0B8C2C43D833009FCEEE /* Build configuration list for PBXNativeTarget "SwiftuiPractice" */ = {
			isa = XCConfigurationList;
			buildConfigurations = (
				EDBF0B8D2C43D833009FCEEE /* Debug */,
				EDBF0B8E2C43D833009FCEEE /* Release */,
			);
			defaultConfigurationIsVisible = 0;
			defaultConfigurationName = Release;
		};
/* End XCConfigurationList section */
	};
	rootObject = EDBF0B752C43D831009FCEEE /* Project object */;
}
